
Microsoft Visual Studio Solution File, Format Version 12.00
# Visual Studio Version 17
VisualStudioVersion = 17.4.33110.190
MinimumVisualStudioVersion = 10.0.40219.1
Project("{FAE04EC0-301F-11D3-BF4B-00C04F79EFBC}") = "TimeManagementApp", "TimeManagementApp.csproj", "{110133FB-25BB-4D02-8062-B9208641059F}"
EndProject
Global
	GlobalSection(SolutionConfigurationPlatforms) = preSolution
		Debug|Any CPU = Debug|Any CPU
		Release|Any CPU = Release|Any CPU
	EndGlobalSection
	GlobalSection(ProjectConfigurationPlatforms) = postSolution
		{110133FB-25BB-4D02-8062-B9208641059F}.Debug|Any CPU.ActiveCfg = Debug|Any CPU
		{110133FB-25BB-4D02-8062-B9208641059F}.Debug|Any CPU.Build.0 = Debug|Any CPU
		{110133FB-25BB-4D02-8062-B9208641059F}.Release|Any CPU.ActiveCfg = Release|Any CPU
		{110133FB-25BB-4D02-8062-B9208641059F}.Release|Any CPU.Build.0 = Release|Any CPU
	EndGlobalSection
	GlobalSection(SolutionProperties) = preSolution
		HideSolutionNode = FALSE
	EndGlobalSection
	GlobalSection(ExtensibilityGlobals) = postSolution
		SolutionGuid = {F29C6161-6EF8-4544-BF55-75FFE146528B}
	EndGlobalSection
EndGlobal
